
Microsoft Visual Studio Solution File, Format Version 12.00
# Visual Studio 15
VisualStudioVersion = 15.0.27703.2026
MinimumVisualStudioVersion = 10.0.40219.1
Project("{FAE04EC0-301F-11D3-BF4B-00C04F79EFBC}") = "Linq-Task", "Linq-Task\Linq-Task.csproj", "{24FB58F0-8236-4246-AF45-1C1A576C753D}"
EndProject
Global
	GlobalSection(SolutionConfigurationPlatforms) = preSolution
		Debug|Any CPU = Debug|Any CPU
		Release|Any CPU = Release|Any CPU
	EndGlobalSection
	GlobalSection(ProjectConfigurationPlatforms) = postSolution
		{24FB58F0-8236-4246-AF45-1C1A576C753D}.Debug|Any CPU.ActiveCfg = Debug|Any CPU
		{24FB58F0-8236-4246-AF45-1C1A576C753D}.Debug|Any CPU.Build.0 = Debug|Any CPU
		{24FB58F0-8236-4246-AF45-1C1A576C753D}.Release|Any CPU.ActiveCfg = Release|Any CPU
		{24FB58F0-8236-4246-AF45-1C1A576C753D}.Release|Any CPU.Build.0 = Release|Any CPU
	EndGlobalSection
	GlobalSection(SolutionProperties) = preSolution
		HideSolutionNode = FALSE
	EndGlobalSection
	GlobalSection(ExtensibilityGlobals) = postSolution
		SolutionGuid = {2D2A06A8-22E2-4583-8030-8CE9FE5C9CE5}
	EndGlobalSection
EndGlobal
